
Microsoft Visual Studio Solution File, Format Version 12.00
# Visual Studio Version 16
VisualStudioVersion = 16.0.30804.86
MinimumVisualStudioVersion = 10.0.40219.1
Project("{FAE04EC0-301F-11D3-BF4B-00C04F79EFBC}") = "Judd", "Judd\Judd.csproj", "{3A67716B-8523-456D-889B-254060209953}"
EndProject
Global
	GlobalSection(SolutionConfigurationPlatforms) = preSolution
		Debug|Any CPU = Debug|Any CPU
		Release|Any CPU = Release|Any CPU
	EndGlobalSection
	GlobalSection(ProjectConfigurationPlatforms) = postSolution
		{3A67716B-8523-456D-889B-254060209953}.Debug|Any CPU.ActiveCfg = Debug|Any CPU
		{3A67716B-8523-456D-889B-254060209953}.Debug|Any CPU.Build.0 = Debug|Any CPU
		{3A67716B-8523-456D-889B-254060209953}.Release|Any CPU.ActiveCfg = Release|Any CPU
		{3A67716B-8523-456D-889B-254060209953}.Release|Any CPU.Build.0 = Release|Any CPU
	EndGlobalSection
	GlobalSection(SolutionProperties) = preSolution
		HideSolutionNode = FALSE
	EndGlobalSection
	GlobalSection(ExtensibilityGlobals) = postSolution
		SolutionGuid = {5BD9FCF9-C7CB-4AB1-906D-FFC182348992}
	EndGlobalSection
EndGlobal
